
Microsoft Visual Studio Solution File, Format Version 12.00
# Visual Studio Version 17
VisualStudioVersion = 17.4.33205.214
MinimumVisualStudioVersion = 10.0.40219.1
Project("{FAE04EC0-301F-11D3-BF4B-00C04F79EFBC}") = "Day5BasicFunctionalProgramming", "Day5BasicFunctionalProgramming\Day5BasicFunctionalProgramming.csproj", "{29F7A785-FE5F-403E-AAEA-BB57554F6025}"
EndProject
Global
	GlobalSection(SolutionConfigurationPlatforms) = preSolution
		Debug|Any CPU = Debug|Any CPU
		Release|Any CPU = Release|Any CPU
	EndGlobalSection
	GlobalSection(ProjectConfigurationPlatforms) = postSolution
		{29F7A785-FE5F-403E-AAEA-BB57554F6025}.Debug|Any CPU.ActiveCfg = Debug|Any CPU
		{29F7A785-FE5F-403E-AAEA-BB57554F6025}.Debug|Any CPU.Build.0 = Debug|Any CPU
		{29F7A785-FE5F-403E-AAEA-BB57554F6025}.Release|Any CPU.ActiveCfg = Release|Any CPU
		{29F7A785-FE5F-403E-AAEA-BB57554F6025}.Release|Any CPU.Build.0 = Release|Any CPU
	EndGlobalSection
	GlobalSection(SolutionProperties) = preSolution
		HideSolutionNode = FALSE
	EndGlobalSection
	GlobalSection(ExtensibilityGlobals) = postSolution
		SolutionGuid = {43601AE7-E541-498C-9BF9-B562CEF2A07D}
	EndGlobalSection
EndGlobal
